
Microsoft Visual Studio Solution File, Format Version 12.00
# Visual Studio 14
VisualStudioVersion = 14.0.25420.1
MinimumVisualStudioVersion = 10.0.40219.1
Project("{FAE04EC0-301F-11D3-BF4B-00C04F79EFBC}") = "多執行緒 銀行  示範", "多執行緒 銀行  示範.csproj", "{AFD445FD-F4BD-4B6E-9BDF-784019B2D2FC}"
EndProject
Global
	GlobalSection(SolutionConfigurationPlatforms) = preSolution
		Debug|Any CPU = Debug|Any CPU
		Release|Any CPU = Release|Any CPU
	EndGlobalSection
	GlobalSection(ProjectConfigurationPlatforms) = postSolution
		{AFD445FD-F4BD-4B6E-9BDF-784019B2D2FC}.Debug|Any CPU.ActiveCfg = Debug|Any CPU
		{AFD445FD-F4BD-4B6E-9BDF-784019B2D2FC}.Debug|Any CPU.Build.0 = Debug|Any CPU
		{AFD445FD-F4BD-4B6E-9BDF-784019B2D2FC}.Release|Any CPU.ActiveCfg = Release|Any CPU
		{AFD445FD-F4BD-4B6E-9BDF-784019B2D2FC}.Release|Any CPU.Build.0 = Release|Any CPU
	EndGlobalSection
	GlobalSection(SolutionProperties) = preSolution
		HideSolutionNode = FALSE
	EndGlobalSection
EndGlobal
